// !$*UTF8*$!
{
	archiveVersion = 1;
	classes = {
	};
	objectVersion = 55;
	objects = {

/* Begin PBXBuildFile section */
		4EBB36E32683F2A400A3B3E6 /* BookLibraryApp.swift in Sources */ = {isa = PBXBuildFile; fileRef = 4EBB36E22683F2A400A3B3E6 /* BookLibraryApp.swift */; };
		4EBB36E52683F2A400A3B3E6 /* ContentView.swift in Sources */ = {isa = PBXBuildFile; fileRef = 4EBB36E42683F2A400A3B3E6 /* ContentView.swift */; };
		4EBB36E72683F2A600A3B3E6 /* Assets.xcassets in Resources */ = {isa = PBXBuildFile; fileRef = 4EBB36E62683F2A600A3B3E6 /* Assets.xcassets */; };
		4EBB36EA2683F2A600A3B3E6 /* Preview Assets.xcassets in Resources */ = {isa = PBXBuildFile; fileRef = 4EBB36E92683F2A600A3B3E6 /* Preview Assets.xcassets */; };
		4EBB36F22683F3CC00A3B3E6 /* FirebaseAnalytics in Frameworks */ = {isa = PBXBuildFile; productRef = 4EBB36F12683F3CC00A3B3E6 /* FirebaseAnalytics */; };
		4EBB36F42683F3CC00A3B3E6 /* FirebaseAnalyticsSwift-Beta in Frameworks */ = {isa = PBXBuildFile; productRef = 4EBB36F32683F3CC00A3B3E6 /* FirebaseAnalyticsSwift-Beta */; };
		4EBB36F62683F3CC00A3B3E6 /* FirebaseAnalyticsWithoutAdIdSupport in Frameworks */ = {isa = PBXBuildFile; productRef = 4EBB36F52683F3CC00A3B3E6 /* FirebaseAnalyticsWithoutAdIdSupport */; };
		4EBB36F82683F3CC00A3B3E6 /* FirebaseAuth in Frameworks */ = {isa = PBXBuildFile; productRef = 4EBB36F72683F3CC00A3B3E6 /* FirebaseAuth */; };
		4EBB36FA2683F3CC00A3B3E6 /* FirebaseFirestore in Frameworks */ = {isa = PBXBuildFile; productRef = 4EBB36F92683F3CC00A3B3E6 /* FirebaseFirestore */; };
		4EBB36FC2683F3CC00A3B3E6 /* FirebaseFirestoreSwift-Beta in Frameworks */ = {isa = PBXBuildFile; productRef = 4EBB36FB2683F3CC00A3B3E6 /* FirebaseFirestoreSwift-Beta */; };
		4EBB36FE2683F3CC00A3B3E6 /* FirebaseStorage in Frameworks */ = {isa = PBXBuildFile; productRef = 4EBB36FD2683F3CC00A3B3E6 /* FirebaseStorage */; };
		4EBB37002683F3CC00A3B3E6 /* FirebaseStorageSwift-Beta in Frameworks */ = {isa = PBXBuildFile; productRef = 4EBB36FF2683F3CC00A3B3E6 /* FirebaseStorageSwift-Beta */; };
		4EBB37022683F4EC00A3B3E6 /* GoogleService-Info.plist in Resources */ = {isa = PBXBuildFile; fileRef = 4EBB37012683F4EC00A3B3E6 /* GoogleService-Info.plist */; };
		4EBB37052683F55400A3B3E6 /* Book.swift in Sources */ = {isa = PBXBuildFile; fileRef = 4EBB37042683F55400A3B3E6 /* Book.swift */; };
		4EBB37092683F5E300A3B3E6 /* BooksListView.swift in Sources */ = {isa = PBXBuildFile; fileRef = 4EBB37082683F5E300A3B3E6 /* BooksListView.swift */; };
		4EBB370B2683F6B300A3B3E6 /* BooksViewModel.swift in Sources */ = {isa = PBXBuildFile; fileRef = 4EBB370A2683F6B300A3B3E6 /* BooksViewModel.swift */; };
/* End PBXBuildFile section */

/* Begin PBXFileReference section */
		4EBB36DF2683F2A400A3B3E6 /* BookLibrary.app */ = {isa = PBXFileReference; explicitFileType = wrapper.application; includeInIndex = 0; path = BookLibrary.app; sourceTree = BUILT_PRODUCTS_DIR; };
		4EBB36E22683F2A400A3B3E6 /* BookLibraryApp.swift */ = {isa = PBXFileReference; lastKnownFileType = sourcecode.swift; path = BookLibraryApp.swift; sourceTree = "<group>"; };
		4EBB36E42683F2A400A3B3E6 /* ContentView.swift */ = {isa = PBXFileReference; lastKnownFileType = sourcecode.swift; path = ContentView.swift; sourceTree = "<group>"; };
		4EBB36E62683F2A600A3B3E6 /* Assets.xcassets */ = {isa = PBXFileReference; lastKnownFileType = folder.assetcatalog; path = Assets.xcassets; sourceTree = "<group>"; };
		4EBB36E92683F2A600A3B3E6 /* Preview Assets.xcassets */ = {isa = PBXFileReference; lastKnownFileType = folder.assetcatalog; path = "Preview Assets.xcassets"; sourceTree = "<group>"; };
		4EBB37012683F4EC00A3B3E6 /* GoogleService-Info.plist */ = {isa = PBXFileReference; fileEncoding = 4; lastKnownFileType = text.plist.xml; path = "GoogleService-Info.plist"; sourceTree = "<group>"; };
		4EBB37042683F55400A3B3E6 /* Book.swift */ = {isa = PBXFileReference; lastKnownFileType = sourcecode.swift; path = Book.swift; sourceTree = "<group>"; };
		4EBB37082683F5E300A3B3E6 /* BooksListView.swift */ = {isa = PBXFileReference; lastKnownFileType = sourcecode.swift; path = BooksListView.swift; sourceTree = "<group>"; };
		4EBB370A2683F6B300A3B3E6 /* BooksViewModel.swift */ = {isa = PBXFileReference; lastKnownFileType = sourcecode.swift; path = BooksViewModel.swift; sourceTree = "<group>"; };
/* End PBXFileReference section */

/* Begin PBXFrameworksBuildPhase section */
		4EBB36DC2683F2A400A3B3E6 /* Frameworks */ = {
			isa = PBXFrameworksBuildPhase;
			buildActionMask = 2147483647;
			files = (
				4EBB36F42683F3CC00A3B3E6 /* FirebaseAnalyticsSwift-Beta in Frameworks */,
				4EBB36F62683F3CC00A3B3E6 /* FirebaseAnalyticsWithoutAdIdSupport in Frameworks */,
				4EBB36F22683F3CC00A3B3E6 /* FirebaseAnalytics in Frameworks */,
				4EBB36FC2683F3CC00A3B3E6 /* FirebaseFirestoreSwift-Beta in Frameworks */,
				4EBB36FE2683F3CC00A3B3E6 /* FirebaseStorage in Frameworks */,
				4EBB37002683F3CC00A3B3E6 /* FirebaseStorageSwift-Beta in Frameworks */,
				4EBB36FA2683F3CC00A3B3E6 /* FirebaseFirestore in Frameworks */,
				4EBB36F82683F3CC00A3B3E6 /* FirebaseAuth in Frameworks */,
			);
			runOnlyForDeploymentPostprocessing = 0;
		};
/* End PBXFrameworksBuildPhase section */

/* Begin PBXGroup section */
		4EBB36D62683F2A400A3B3E6 = {
			isa = PBXGroup;
			children = (
				4EBB36E12683F2A400A3B3E6 /* BookLibrary */,
				4EBB36E02683F2A400A3B3E6 /* Products */,
			);
			sourceTree = "<group>";
		};
		4EBB36E02683F2A400A3B3E6 /* Products */ = {
			isa = PBXGroup;
			children = (
				4EBB36DF2683F2A400A3B3E6 /* BookLibrary.app */,
			);
			name = Products;
			sourceTree = "<group>";
		};
		4EBB36E12683F2A400A3B3E6 /* BookLibrary */ = {
			isa = PBXGroup;
			children = (
				4EBB37032683F54700A3B3E6 /* Model */,
				4EBB37072683F5CE00A3B3E6 /* ViewModel */,
				4EBB37062683F5C800A3B3E6 /* View */,
				4EBB36E22683F2A400A3B3E6 /* BookLibraryApp.swift */,
				4EBB36E42683F2A400A3B3E6 /* ContentView.swift */,
				4EBB36E62683F2A600A3B3E6 /* Assets.xcassets */,
				4EBB37012683F4EC00A3B3E6 /* GoogleService-Info.plist */,
				4EBB36E82683F2A600A3B3E6 /* Preview Content */,
			);
			path = BookLibrary;
			sourceTree = "<group>";
		};
		4EBB36E82683F2A600A3B3E6 /* Preview Content */ = {
			isa = PBXGroup;
			children = (
				4EBB36E92683F2A600A3B3E6 /* Preview Assets.xcassets */,
			);
			path = "Preview Content";
			sourceTree = "<group>";
		};
		4EBB37032683F54700A3B3E6 /* Model */ = {
			isa = PBXGroup;
			children = (
				4EBB37042683F55400A3B3E6 /* Book.swift */,
			);
			name = Model;
			sourceTree = "<group>";
		};
		4EBB37062683F5C800A3B3E6 /* View */ = {
			isa = PBXGroup;
			children = (
				4EBB37082683F5E300A3B3E6 /* BooksListView.swift */,
			);
			path = View;
			sourceTree = "<group>";
		};
		4EBB37072683F5CE00A3B3E6 /* ViewModel */ = {
			isa = PBXGroup;
			children = (
				4EBB370A2683F6B300A3B3E6 /* BooksViewModel.swift */,
			);
			path = ViewModel;
			sourceTree = "<group>";
		};
/* End PBXGroup section */

/* Begin PBXNativeTarget section */
		4EBB36DE2683F2A400A3B3E6 /* BookLibrary */ = {
			isa = PBXNativeTarget;
			buildConfigurationList = 4EBB36ED2683F2A600A3B3E6 /* Build configuration list for PBXNativeTarget "BookLibrary" */;
			buildPhases = (
				4EBB36DB2683F2A400A3B3E6 /* Sources */,
				4EBB36DC2683F2A400A3B3E6 /* Frameworks */,
				4EBB36DD2683F2A400A3B3E6 /* Resources */,
			);
			buildRules = (
			);
			dependencies = (
			);
			name = BookLibrary;
			packageProductDependencies = (
				4EBB36F12683F3CC00A3B3E6 /* FirebaseAnalytics */,
				4EBB36F32683F3CC00A3B3E6 /* FirebaseAnalyticsSwift-Beta */,
				4EBB36F52683F3CC00A3B3E6 /* FirebaseAnalyticsWithoutAdIdSupport */,
				4EBB36F72683F3CC00A3B3E6 /* FirebaseAuth */,
				4EBB36F92683F3CC00A3B3E6 /* FirebaseFirestore */,
				4EBB36FB2683F3CC00A3B3E6 /* FirebaseFirestoreSwift-Beta */,
				4EBB36FD2683F3CC00A3B3E6 /* FirebaseStorage */,
				4EBB36FF2683F3CC00A3B3E6 /* FirebaseStorageSwift-Beta */,
			);
			productName = BookLibrary;
			productReference = 4EBB36DF2683F2A400A3B3E6 /* BookLibrary.app */;
			productType = "com.apple.product-type.application";
		};
/* End PBXNativeTarget section */

/* Begin PBXProject section */
		4EBB36D72683F2A400A3B3E6 /* Project object */ = {
			isa = PBXProject;
			attributes = {
				BuildIndependentTargetsInParallel = 1;
				LastSwiftUpdateCheck = 1300;
				LastUpgradeCheck = 1300;
				TargetAttributes = {
					4EBB36DE2683F2A400A3B3E6 = {
						CreatedOnToolsVersion = 13.0;
					};
				};
			};
			buildConfigurationList = 4EBB36DA2683F2A400A3B3E6 /* Build configuration list for PBXProject "BookLibrary" */;
			compatibilityVersion = "Xcode 13.0";
			developmentRegion = en;
			hasScannedForEncodings = 0;
			knownRegions = (
				en,
				Base,
			);
			mainGroup = 4EBB36D62683F2A400A3B3E6;
			packageReferences = (
				4EBB36F02683F3CC00A3B3E6 /* XCRemoteSwiftPackageReference "firebase-ios-sdk" */,
			);
			productRefGroup = 4EBB36E02683F2A400A3B3E6 /* Products */;
			projectDirPath = "";
			projectRoot = "";
			targets = (
				4EBB36DE2683F2A400A3B3E6 /* BookLibrary */,
			);
		};
/* End PBXProject section */

/* Begin PBXResourcesBuildPhase section */
		4EBB36DD2683F2A400A3B3E6 /* Resources */ = {
			isa = PBXResourcesBuildPhase;
			buildActionMask = 2147483647;
			files = (
				4EBB36EA2683F2A600A3B3E6 /* Preview Assets.xcassets in Resources */,
				4EBB36E72683F2A600A3B3E6 /* Assets.xcassets in Resources */,
				4EBB37022683F4EC00A3B3E6 /* GoogleService-Info.plist in Resources */,
			);
			runOnlyForDeploymentPostprocessing = 0;
		};
/* End PBXResourcesBuildPhase section */

/* Begin PBXSourcesBuildPhase section */
		4EBB36DB2683F2A400A3B3E6 /* Sources */ = {
			isa = PBXSourcesBuildPhase;
			buildActionMask = 2147483647;
			files = (
				4EBB36E52683F2A400A3B3E6 /* ContentView.swift in Sources */,
				4EBB36E32683F2A400A3B3E6 /* BookLibraryApp.swift in Sources */,
				4EBB37052683F55400A3B3E6 /* Book.swift in Sources */,
				4EBB370B2683F6B300A3B3E6 /* BooksViewModel.swift in Sources */,
				4EBB37092683F5E300A3B3E6 /* BooksListView.swift in Sources */,
			);
			runOnlyForDeploymentPostprocessing = 0;
		};
/* End PBXSourcesBuildPhase section */

/* Begin XCBuildConfiguration section */
		4EBB36EB2683F2A600A3B3E6 /* Debug */ = {
			isa = XCBuildConfiguration;
			buildSettings = {
				ALWAYS_SEARCH_USER_PATHS = NO;
				CLANG_ANALYZER_NONNULL = YES;
				CLANG_ANALYZER_NUMBER_OBJECT_CONVERSION = YES_AGGRESSIVE;
				CLANG_CXX_LANGUAGE_STANDARD = "gnu++14";
				CLANG_CXX_LIBRARY = "libc++";
				CLANG_ENABLE_MODULES = YES;
				CLANG_ENABLE_OBJC_ARC = YES;
				CLANG_ENABLE_OBJC_WEAK = YES;
				CLANG_WARN_BLOCK_CAPTURE_AUTORELEASING = YES;
				CLANG_WARN_BOOL_CONVERSION = YES;
				CLANG_WARN_COMMA = YES;
				CLANG_WARN_CONSTANT_CONVERSION = YES;
				CLANG_WARN_DEPRECATED_OBJC_IMPLEMENTATIONS = YES;
				CLANG_WARN_DIRECT_OBJC_ISA_USAGE = YES_ERROR;
				CLANG_WARN_DOCUMENTATION_COMMENTS = YES;
				CLANG_WARN_EMPTY_BODY = YES;
				CLANG_WARN_ENUM_CONVERSION = YES;
				CLANG_WARN_INFINITE_RECURSION = YES;
				CLANG_WARN_INT_CONVERSION = YES;
				CLANG_WARN_NON_LITERAL_NULL_CONVERSION = YES;
				CLANG_WARN_OBJC_IMPLICIT_RETAIN_SELF = YES;
				CLANG_WARN_OBJC_LITERAL_CONVERSION = YES;
				CLANG_WARN_OBJC_ROOT_CLASS = YES_ERROR;
				CLANG_WARN_QUOTED_INCLUDE_IN_FRAMEWORK_HEADER = YES;
				CLANG_WARN_RANGE_LOOP_ANALYSIS = YES;
				CLANG_WARN_STRICT_PROTOTYPES = YES;
				CLANG_WARN_SUSPICIOUS_MOVE = YES;
				CLANG_WARN_UNGUARDED_AVAILABILITY = YES_AGGRESSIVE;
				CLANG_WARN_UNREACHABLE_CODE = YES;
				CLANG_WARN__DUPLICATE_METHOD_MATCH = YES;
				COPY_PHASE_STRIP = NO;
				DEBUG_INFORMATION_FORMAT = dwarf;
				ENABLE_STRICT_OBJC_MSGSEND = YES;
				ENABLE_TESTABILITY = YES;
				GCC_C_LANGUAGE_STANDARD = gnu11;
				GCC_DYNAMIC_NO_PIC = NO;
				GCC_NO_COMMON_BLOCKS = YES;
				GCC_OPTIMIZATION_LEVEL = 0;
				GCC_PREPROCESSOR_DEFINITIONS = (
					"DEBUG=1",
					"$(inherited)",
				);
				GCC_WARN_64_TO_32_BIT_CONVERSION = YES;
				GCC_WARN_ABOUT_RETURN_TYPE = YES_ERROR;
				GCC_WARN_UNDECLARED_SELECTOR = YES;
				GCC_WARN_UNINITIALIZED_AUTOS = YES_AGGRESSIVE;
				GCC_WARN_UNUSED_FUNCTION = YES;
				GCC_WARN_UNUSED_VARIABLE = YES;
				IPHONEOS_DEPLOYMENT_TARGET = 15.0;
				MTL_ENABLE_DEBUG_INFO = INCLUDE_SOURCE;
				MTL_FAST_MATH = YES;
				ONLY_ACTIVE_ARCH = YES;
				SDKROOT = iphoneos;
				SWIFT_ACTIVE_COMPILATION_CONDITIONS = DEBUG;
				SWIFT_OPTIMIZATION_LEVEL = "-Onone";
			};
			name = Debug;
		};
		4EBB36EC2683F2A600A3B3E6 /* Release */ = {
			isa = XCBuildConfiguration;
			buildSettings = {
				ALWAYS_SEARCH_USER_PATHS = NO;
				CLANG_ANALYZER_NONNULL = YES;
				CLANG_ANALYZER_NUMBER_OBJECT_CONVERSION = YES_AGGRESSIVE;
				CLANG_CXX_LANGUAGE_STANDARD = "gnu++14";
				CLANG_CXX_LIBRARY = "libc++";
				CLANG_ENABLE_MODULES = YES;
				CLANG_ENABLE_OBJC_ARC = YES;
				CLANG_ENABLE_OBJC_WEAK = YES;
				CLANG_WARN_BLOCK_CAPTURE_AUTORELEASING = YES;
				CLANG_WARN_BOOL_CONVERSION = YES;
				CLANG_WARN_COMMA = YES;
				CLANG_WARN_CONSTANT_CONVERSION = YES;
				CLANG_WARN_DEPRECATED_OBJC_IMPLEMENTATIONS = YES;
				CLANG_WARN_DIRECT_OBJC_ISA_USAGE = YES_ERROR;
				CLANG_WARN_DOCUMENTATION_COMMENTS = YES;
				CLANG_WARN_EMPTY_BODY = YES;
				CLANG_WARN_ENUM_CONVERSION = YES;
				CLANG_WARN_INFINITE_RECURSION = YES;
				CLANG_WARN_INT_CONVERSION = YES;
				CLANG_WARN_NON_LITERAL_NULL_CONVERSION = YES;
				CLANG_WARN_OBJC_IMPLICIT_RETAIN_SELF = YES;
				CLANG_WARN_OBJC_LITERAL_CONVERSION = YES;
				CLANG_WARN_OBJC_ROOT_CLASS = YES_ERROR;
				CLANG_WARN_QUOTED_INCLUDE_IN_FRAMEWORK_HEADER = YES;
				CLANG_WARN_RANGE_LOOP_ANALYSIS = YES;
				CLANG_WARN_STRICT_PROTOTYPES = YES;
				CLANG_WARN_SUSPICIOUS_MOVE = YES;
				CLANG_WARN_UNGUARDED_AVAILABILITY = YES_AGGRESSIVE;
				CLANG_WARN_UNREACHABLE_CODE = YES;
				CLANG_WARN__DUPLICATE_METHOD_MATCH = YES;
				COPY_PHASE_STRIP = NO;
				DEBUG_INFORMATION_FORMAT = "dwarf-with-dsym";
				ENABLE_NS_ASSERTIONS = NO;
				ENABLE_STRICT_OBJC_MSGSEND = YES;
				GCC_C_LANGUAGE_STANDARD = gnu11;
				GCC_NO_COMMON_BLOCKS = YES;
				GCC_WARN_64_TO_32_BIT_CONVERSION = YES;
				GCC_WARN_ABOUT_RETURN_TYPE = YES_ERROR;
				GCC_WARN_UNDECLARED_SELECTOR = YES;
				GCC_WARN_UNINITIALIZED_AUTOS = YES_AGGRESSIVE;
				GCC_WARN_UNUSED_FUNCTION = YES;
				GCC_WARN_UNUSED_VARIABLE = YES;
				IPHONEOS_DEPLOYMENT_TARGET = 15.0;
				MTL_ENABLE_DEBUG_INFO = NO;
				MTL_FAST_MATH = YES;
				SDKROOT = iphoneos;
				SWIFT_COMPILATION_MODE = wholemodule;
				SWIFT_OPTIMIZATION_LEVEL = "-O";
				VALIDATE_PRODUCT = YES;
			};
			name = Release;
		};
		4EBB36EE2683F2A600A3B3E6 /* Debug */ = {
			isa = XCBuildConfiguration;
			buildSettings = {
				ASSETCATALOG_COMPILER_APPICON_NAME = AppIcon;
				ASSETCATALOG_COMPILER_GLOBAL_ACCENT_COLOR_NAME = AccentColor;
				CODE_SIGN_STYLE = Automatic;
				CURRENT_PROJECT_VERSION = 1;
				DEVELOPMENT_ASSET_PATHS = "\"BookLibrary/Preview Content\"";
				DEVELOPMENT_TEAM = 58XKH6936U;
				ENABLE_PREVIEWS = YES;
				GENERATE_INFOPLIST_FILE = YES;
				INFOPLIST_KEY_UIApplicationSceneManifest_Generation = YES;
				INFOPLIST_KEY_UIApplicationSupportsIndirectInputEvents = YES;
				INFOPLIST_KEY_UILaunchScreen_Generation = YES;
				INFOPLIST_KEY_UISupportedInterfaceOrientations_iPad = "UIInterfaceOrientationPortrait UIInterfaceOrientationPortraitUpsideDown UIInterfaceOrientationLandscapeLeft UIInterfaceOrientationLandscapeRight";
				INFOPLIST_KEY_UISupportedInterfaceOrientations_iPhone = "UIInterfaceOrientationPortrait UIInterfaceOrientationLandscapeLeft UIInterfaceOrientationLandscapeRight";
				IPHONEOS_DEPLOYMENT_TARGET = 14.0;
				LD_RUNPATH_SEARCH_PATHS = (
					"$(inherited)",
					"@executable_path/Frameworks",
				);
				MARKETING_VERSION = 1.0;
				PRODUCT_BUNDLE_IDENTIFIER = com.pompouscatstudios.BookLibrary;
				PRODUCT_NAME = "$(TARGET_NAME)";
				SWIFT_EMIT_LOC_STRINGS = YES;
				SWIFT_VERSION = 5.0;
				TARGETED_DEVICE_FAMILY = "1,2";
			};
			name = Debug;
		};
		4EBB36EF2683F2A600A3B3E6 /* Release */ = {
			isa = XCBuildConfiguration;
			buildSettings = {
				ASSETCATALOG_COMPILER_APPICON_NAME = AppIcon;
				ASSETCATALOG_COMPILER_GLOBAL_ACCENT_COLOR_NAME = AccentColor;
				CODE_SIGN_STYLE = Automatic;
				CURRENT_PROJECT_VERSION = 1;
				DEVELOPMENT_ASSET_PATHS = "\"BookLibrary/Preview Content\"";
				DEVELOPMENT_TEAM = 58XKH6936U;
				ENABLE_PREVIEWS = YES;
				GENERATE_INFOPLIST_FILE = YES;
				INFOPLIST_KEY_UIApplicationSceneManifest_Generation = YES;
				INFOPLIST_KEY_UIApplicationSupportsIndirectInputEvents = YES;
				INFOPLIST_KEY_UILaunchScreen_Generation = YES;
				INFOPLIST_KEY_UISupportedInterfaceOrientations_iPad = "UIInterfaceOrientationPortrait UIInterfaceOrientationPortraitUpsideDown UIInterfaceOrientationLandscapeLeft UIInterfaceOrientationLandscapeRight";
				INFOPLIST_KEY_UISupportedInterfaceOrientations_iPhone = "UIInterfaceOrientationPortrait UIInterfaceOrientationLandscapeLeft UIInterfaceOrientationLandscapeRight";
				IPHONEOS_DEPLOYMENT_TARGET = 14.0;
				LD_RUNPATH_SEARCH_PATHS = (
					"$(inherited)",
					"@executable_path/Frameworks",
				);
				MARKETING_VERSION = 1.0;
				PRODUCT_BUNDLE_IDENTIFIER = com.pompouscatstudios.BookLibrary;
				PRODUCT_NAME = "$(TARGET_NAME)";
				SWIFT_EMIT_LOC_STRINGS = YES;
				SWIFT_VERSION = 5.0;
				TARGETED_DEVICE_FAMILY = "1,2";
			};
			name = Release;
		};
/* End XCBuildConfiguration section */

/* Begin XCConfigurationList section */
		4EBB36DA2683F2A400A3B3E6 /* Build configuration list for PBXProject "BookLibrary" */ = {
			isa = XCConfigurationList;
			buildConfigurations = (
				4EBB36EB2683F2A600A3B3E6 /* Debug */,
				4EBB36EC2683F2A600A3B3E6 /* Release */,
			);
			defaultConfigurationIsVisible = 0;
			defaultConfigurationName = Release;
		};
		4EBB36ED2683F2A600A3B3E6 /* Build configuration list for PBXNativeTarget "BookLibrary" */ = {
			isa = XCConfigurationList;
			buildConfigurations = (
				4EBB36EE2683F2A600A3B3E6 /* Debug */,
				4EBB36EF2683F2A600A3B3E6 /* Release */,
			);
			defaultConfigurationIsVisible = 0;
			defaultConfigurationName = Release;
		};
/* End XCConfigurationList section */

/* Begin XCRemoteSwiftPackageReference section */
		4EBB36F02683F3CC00A3B3E6 /* XCRemoteSwiftPackageReference "firebase-ios-sdk" */ = {
			isa = XCRemoteSwiftPackageReference;
			repositoryURL = "https://github.com/firebase/firebase-ios-sdk.git";
			requirement = {
				kind = upToNextMajorVersion;
				minimumVersion = 7.0.0;
			};
		};
/* End XCRemoteSwiftPackageReference section */

/* Begin XCSwiftPackageProductDependency section */
		4EBB36F12683F3CC00A3B3E6 /* FirebaseAnalytics */ = {
			isa = XCSwiftPackageProductDependency;
			package = 4EBB36F02683F3CC00A3B3E6 /* XCRemoteSwiftPackageReference "firebase-ios-sdk" */;
			productName = FirebaseAnalytics;
		};
		4EBB36F32683F3CC00A3B3E6 /* FirebaseAnalyticsSwift-Beta */ = {
			isa = XCSwiftPackageProductDependency;
			package = 4EBB36F02683F3CC00A3B3E6 /* XCRemoteSwiftPackageReference "firebase-ios-sdk" */;
			productName = "FirebaseAnalyticsSwift-Beta";
		};
		4EBB36F52683F3CC00A3B3E6 /* FirebaseAnalyticsWithoutAdIdSupport */ = {
			isa = XCSwiftPackageProductDependency;
			package = 4EBB36F02683F3CC00A3B3E6 /* XCRemoteSwiftPackageReference "firebase-ios-sdk" */;
			productName = FirebaseAnalyticsWithoutAdIdSupport;
		};
		4EBB36F72683F3CC00A3B3E6 /* FirebaseAuth */ = {
			isa = XCSwiftPackageProductDependency;
			package = 4EBB36F02683F3CC00A3B3E6 /* XCRemoteSwiftPackageReference "firebase-ios-sdk" */;
			productName = FirebaseAuth;
		};
		4EBB36F92683F3CC00A3B3E6 /* FirebaseFirestore */ = {
			isa = XCSwiftPackageProductDependency;
			package = 4EBB36F02683F3CC00A3B3E6 /* XCRemoteSwiftPackageReference "firebase-ios-sdk" */;
			productName = FirebaseFirestore;
		};
		4EBB36FB2683F3CC00A3B3E6 /* FirebaseFirestoreSwift-Beta */ = {
			isa = XCSwiftPackageProductDependency;
			package = 4EBB36F02683F3CC00A3B3E6 /* XCRemoteSwiftPackageReference "firebase-ios-sdk" */;
			productName = "FirebaseFirestoreSwift-Beta";
		};
		4EBB36FD2683F3CC00A3B3E6 /* FirebaseStorage */ = {
			isa = XCSwiftPackageProductDependency;
			package = 4EBB36F02683F3CC00A3B3E6 /* XCRemoteSwiftPackageReference "firebase-ios-sdk" */;
			productName = FirebaseStorage;
		};
		4EBB36FF2683F3CC00A3B3E6 /* FirebaseStorageSwift-Beta */ = {
			isa = XCSwiftPackageProductDependency;
			package = 4EBB36F02683F3CC00A3B3E6 /* XCRemoteSwiftPackageReference "firebase-ios-sdk" */;
			productName = "FirebaseStorageSwift-Beta";
		};
/* End XCSwiftPackageProductDependency section */
	};
	rootObject = 4EBB36D72683F2A400A3B3E6 /* Project object */;
}
